
Microsoft Visual Studio Solution File, Format Version 12.00
# Visual Studio Version 16
VisualStudioVersion = 16.0.31911.196
MinimumVisualStudioVersion = 10.0.40219.1
Project("{9A19103F-16F7-4668-BE54-9A1E7A4F7556}") = "MesDixnich", "MesDixnich\MesDixnich.csproj", "{1C30E4DA-A49C-439E-BF2C-29671EDFFD6C}"
EndProject
Global
	GlobalSection(SolutionConfigurationPlatforms) = preSolution
		Debug|Any CPU = Debug|Any CPU
		Release|Any CPU = Release|Any CPU
	EndGlobalSection
	GlobalSection(ProjectConfigurationPlatforms) = postSolution
		{1C30E4DA-A49C-439E-BF2C-29671EDFFD6C}.Debug|Any CPU.ActiveCfg = Debug|Any CPU
		{1C30E4DA-A49C-439E-BF2C-29671EDFFD6C}.Debug|Any CPU.Build.0 = Debug|Any CPU
		{1C30E4DA-A49C-439E-BF2C-29671EDFFD6C}.Release|Any CPU.ActiveCfg = Release|Any CPU
		{1C30E4DA-A49C-439E-BF2C-29671EDFFD6C}.Release|Any CPU.Build.0 = Release|Any CPU
	EndGlobalSection
	GlobalSection(SolutionProperties) = preSolution
		HideSolutionNode = FALSE
	EndGlobalSection
	GlobalSection(ExtensibilityGlobals) = postSolution
		SolutionGuid = {CCEAA84A-CD35-4959-9BE4-D822CBE22874}
	EndGlobalSection
EndGlobal
